
Microsoft Visual Studio Solution File, Format Version 12.00
# Visual Studio 14
VisualStudioVersion = 14.0.25420.1
MinimumVisualStudioVersion = 10.0.40219.1
Project("{888888A0-9F3D-457C-B088-3A5042F75D52}") = "passim", "passim\passim.pyproj", "{C993C58F-F324-4D95-98FD-0D2022C57566}"
EndProject
Project("{888888A0-9F3D-457C-B088-3A5042F75D52}") = "library", "library\library.pyproj", "{FE44B9D4-3A09-4292-8D93-21BC9E3E4757}"
EndProject
Project("{E24C65DC-7377-472B-9ABA-BC803B73C61A}") = "passimproject", "passimproject\", "{BB4FCF56-3EE7-437E-8C0E-EE147ACA6855}"
	ProjectSection(WebsiteProperties) = preProject
		TargetFrameworkMoniker = ".NETFramework,Version%3Dv4.5.2"
		Debug.AspNetCompiler.VirtualPath = "/localhost_2641"
		Debug.AspNetCompiler.PhysicalPath = "passimproject\"
		Debug.AspNetCompiler.TargetPath = "PrecompiledWeb\localhost_2641\"
		Debug.AspNetCompiler.Updateable = "true"
		Debug.AspNetCompiler.ForceOverwrite = "true"
		Debug.AspNetCompiler.FixedNames = "false"
		Debug.AspNetCompiler.Debug = "True"
		Release.AspNetCompiler.VirtualPath = "/localhost_2641"
		Release.AspNetCompiler.PhysicalPath = "passimproject\"
		Release.AspNetCompiler.TargetPath = "PrecompiledWeb\localhost_2641\"
		Release.AspNetCompiler.Updateable = "true"
		Release.AspNetCompiler.ForceOverwrite = "true"
		Release.AspNetCompiler.FixedNames = "false"
		Release.AspNetCompiler.Debug = "False"
		VWDPort = "2641"
		SlnRelativePath = "passimproject\"
		DefaultWebSiteLanguage = "Visual Basic"
	EndProjectSection
EndProject
Project("{888888A0-9F3D-457C-B088-3A5042F75D52}") = "gallica", "gallica\gallica.pyproj", "{C95AE658-A129-4A90-8DA8-2B30DA5EDE87}"
EndProject
Project("{888888A0-9F3D-457C-B088-3A5042F75D52}") = "ru-basic", "ru-basic\ru-basic.pyproj", "{31DA21B7-7FE4-4FBD-B762-C33297642943}"
EndProject
Global
	GlobalSection(SolutionConfigurationPlatforms) = preSolution
		Debug|Any CPU = Debug|Any CPU
		Release|Any CPU = Release|Any CPU
	EndGlobalSection
	GlobalSection(ProjectConfigurationPlatforms) = postSolution
		{C993C58F-F324-4D95-98FD-0D2022C57566}.Debug|Any CPU.ActiveCfg = Debug|Any CPU
		{C993C58F-F324-4D95-98FD-0D2022C57566}.Debug|Any CPU.Build.0 = Debug|Any CPU
		{C993C58F-F324-4D95-98FD-0D2022C57566}.Release|Any CPU.ActiveCfg = Release|Any CPU
		{C993C58F-F324-4D95-98FD-0D2022C57566}.Release|Any CPU.Build.0 = Release|Any CPU
		{FE44B9D4-3A09-4292-8D93-21BC9E3E4757}.Debug|Any CPU.ActiveCfg = Debug|Any CPU
		{FE44B9D4-3A09-4292-8D93-21BC9E3E4757}.Release|Any CPU.ActiveCfg = Release|Any CPU
		{BB4FCF56-3EE7-437E-8C0E-EE147ACA6855}.Debug|Any CPU.ActiveCfg = Debug|Any CPU
		{BB4FCF56-3EE7-437E-8C0E-EE147ACA6855}.Debug|Any CPU.Build.0 = Debug|Any CPU
		{BB4FCF56-3EE7-437E-8C0E-EE147ACA6855}.Release|Any CPU.ActiveCfg = Debug|Any CPU
		{BB4FCF56-3EE7-437E-8C0E-EE147ACA6855}.Release|Any CPU.Build.0 = Debug|Any CPU
		{C95AE658-A129-4A90-8DA8-2B30DA5EDE87}.Debug|Any CPU.ActiveCfg = Debug|Any CPU
		{C95AE658-A129-4A90-8DA8-2B30DA5EDE87}.Release|Any CPU.ActiveCfg = Release|Any CPU
		{31DA21B7-7FE4-4FBD-B762-C33297642943}.Debug|Any CPU.ActiveCfg = Debug|Any CPU
		{31DA21B7-7FE4-4FBD-B762-C33297642943}.Release|Any CPU.ActiveCfg = Release|Any CPU
	EndGlobalSection
	GlobalSection(SolutionProperties) = preSolution
		HideSolutionNode = FALSE
	EndGlobalSection
EndGlobal
